Microsoft Visual Studio Solution File, Format Version 12.00
# Visual Studio Version 17
VisualStudioVersion = 17.5.2.0
MinimumVisualStudioVersion = 10.0.40219.1
Project("{FAE04EC0-301F-11D3-BF4B-00C04F79EFBC}") = "MaterialManagement", "MaterialManagement.csproj", "{9CDA9E8A-FC6A-E2DD-D622-788DA6C40456}"
EndProject
Project("{2150E333-8FDC-42A3-9474-1A3956D46DE8}") = ".github", ".github", "{8F55B742-5BF5-4C48-AC48-15BB20C750D0}"
EndProject
Project("{2150E333-8FDC-42A3-9474-1A3956D46DE8}") = "workflows", "workflows", "{5C88CCA6-4A3E-462C-96BE-0DA8224EDA77}"
	ProjectSection(SolutionItems) = preProject
		.github\workflows\deploy.yml = .github\workflows\deploy.yml
	EndProjectSection
EndProject
Global
	GlobalSection(SolutionConfigurationPlatforms) = preSolution
		Debug|Any CPU = Debug|Any CPU
		Release|Any CPU = Release|Any CPU
	EndGlobalSection
	GlobalSection(ProjectConfigurationPlatforms) = postSolution
		{9CDA9E8A-FC6A-E2DD-D622-788DA6C40456}.Debug|Any CPU.ActiveCfg = Debug|Any CPU
		{9CDA9E8A-FC6A-E2DD-D622-788DA6C40456}.Debug|Any CPU.Build.0 = Debug|Any CPU
		{9CDA9E8A-FC6A-E2DD-D622-788DA6C40456}.Release|Any CPU.ActiveCfg = Release|Any CPU
		{9CDA9E8A-FC6A-E2DD-D622-788DA6C40456}.Release|Any CPU.Build.0 = Release|Any CPU
	EndGlobalSection
	GlobalSection(SolutionProperties) = preSolution
		HideSolutionNode = FALSE
	EndGlobalSection
	GlobalSection(NestedProjects) = preSolution
		{5C88CCA6-4A3E-462C-96BE-0DA8224EDA77} = {8F55B742-5BF5-4C48-AC48-15BB20C750D0}
	EndGlobalSection
	GlobalSection(ExtensibilityGlobals) = postSolution
		SolutionGuid = {73BE47DA-956B-48B6-9DF5-333706BE0063}
	EndGlobalSection
EndGlobal
